// !$*UTF8*$!
{
	archiveVersion = 1;
	classes = {
	};
	objectVersion = 51;
	objects = {

/* Begin PBXBuildFile section */
		2199F99F8AA52FF65D261906 /* Pods_flixster.framework in Frameworks */ = {isa = PBXBuildFile; fileRef = 44AAD0C0F086572E6879AD33 /* Pods_flixster.framework */; };
		8AE6ED6AC874A2DA9F65E46D /* Pods_flixster_flixsterUITests.framework in Frameworks */ = {isa = PBXBuildFile; fileRef = C39D2FD6A80ACF50E9F17F96 /* Pods_flixster_flixsterUITests.framework */; };
		CDA8F3A7235EA8D800A7DD97 /* MovieGridCell.swift in Sources */ = {isa = PBXBuildFile; fileRef = CDA8F3A6235EA8D800A7DD97 /* MovieGridCell.swift */; };
		CDA8F3A9235EA97400A7DD97 /* MovieGridViewController.swift in Sources */ = {isa = PBXBuildFile; fileRef = CDA8F3A8235EA97400A7DD97 /* MovieGridViewController.swift */; };
		CDD44BE6235B9B7300CFD201 /* MovieDetailsViewController.swift in Sources */ = {isa = PBXBuildFile; fileRef = CDD44BE5235B9B7300CFD201 /* MovieDetailsViewController.swift */; };
		CDE8711E23598F3900B9C431 /* AppDelegate.swift in Sources */ = {isa = PBXBuildFile; fileRef = CDE8711D23598F3900B9C431 /* AppDelegate.swift */; };
		CDE8712023598F3900B9C431 /* SceneDelegate.swift in Sources */ = {isa = PBXBuildFile; fileRef = CDE8711F23598F3900B9C431 /* SceneDelegate.swift */; };
		CDE8712523598F3900B9C431 /* Main.storyboard in Resources */ = {isa = PBXBuildFile; fileRef = CDE8712323598F3900B9C431 /* Main.storyboard */; };
		CDE8712723598F3A00B9C431 /* Assets.xcassets in Resources */ = {isa = PBXBuildFile; fileRef = CDE8712623598F3A00B9C431 /* Assets.xcassets */; };
		CDE8712A23598F3A00B9C431 /* LaunchScreen.storyboard in Resources */ = {isa = PBXBuildFile; fileRef = CDE8712823598F3A00B9C431 /* LaunchScreen.storyboard */; };
		CDE8713523598F3A00B9C431 /* flixsterTests.swift in Sources */ = {isa = PBXBuildFile; fileRef = CDE8713423598F3A00B9C431 /* flixsterTests.swift */; };
		CDE8714023598F3A00B9C431 /* flixsterUITests.swift in Sources */ = {isa = PBXBuildFile; fileRef = CDE8713F23598F3A00B9C431 /* flixsterUITests.swift */; };
		CDE871542359919C00B9C431 /* MoviesViewController.swift in Sources */ = {isa = PBXBuildFile; fileRef = CDE871532359919C00B9C431 /* MoviesViewController.swift */; };
		CDE87156235995BD00B9C431 /* MovieCell.swift in Sources */ = {isa = PBXBuildFile; fileRef = CDE87155235995BD00B9C431 /* MovieCell.swift */; };
		D2931CE158A9D98178EC4E86 /* Pods_flixsterTests.framework in Frameworks */ = {isa = PBXBuildFile; fileRef = 8ADE87A67D4A4DC0DC0DB847 /* Pods_flixsterTests.framework */; };
/* End PBXBuildFile section */

/* Begin PBXContainerItemProxy section */
		CDE8713123598F3A00B9C431 /* PBXContainerItemProxy */ = {
			isa = PBXContainerItemProxy;
			containerPortal = CDE8711223598F3900B9C431 /* Project object */;
			proxyType = 1;
			remoteGlobalIDString = CDE8711923598F3900B9C431;
			remoteInfo = flixster;
		};
		CDE8713C23598F3A00B9C431 /* PBXContainerItemProxy */ = {
			isa = PBXContainerItemProxy;
			containerPortal = CDE8711223598F3900B9C431 /* Project object */;
			proxyType = 1;
			remoteGlobalIDString = CDE8711923598F3900B9C431;
			remoteInfo = flixster;
		};
/* End PBXContainerItemProxy section */

/* Begin PBXFileReference section */
		306418BE4719565A17B52A90 /* Pods-flixster.debug.xcconfig */ = {isa = PBXFileReference; includeInIndex = 1; lastKnownFileType = text.xcconfig; name = "Pods-flixster.debug.xcconfig"; path = "Target Support Files/Pods-flixster/Pods-flixster.debug.xcconfig"; sourceTree = "<group>"; };
		44AAD0C0F086572E6879AD33 /* Pods_flixster.framework */ = {isa = PBXFileReference; explicitFileType = wrapper.framework; includeInIndex = 0; path = Pods_flixster.framework; sourceTree = BUILT_PRODUCTS_DIR; };
		7B9BB1CF7300A91C634437A0 /* Pods-flixsterTests.release.xcconfig */ = {isa = PBXFileReference; includeInIndex = 1; lastKnownFileType = text.xcconfig; name = "Pods-flixsterTests.release.xcconfig"; path = "Target Support Files/Pods-flixsterTests/Pods-flixsterTests.release.xcconfig"; sourceTree = "<group>"; };
		8ADE87A67D4A4DC0DC0DB847 /* Pods_flixsterTests.framework */ = {isa = PBXFileReference; explicitFileType = wrapper.framework; includeInIndex = 0; path = Pods_flixsterTests.framework; sourceTree = BUILT_PRODUCTS_DIR; };
		911F7065C44E0C9957B529EF /* Pods-flixster.release.xcconfig */ = {isa = PBXFileReference; includeInIndex = 1; lastKnownFileType = text.xcconfig; name = "Pods-flixster.release.xcconfig"; path = "Target Support Files/Pods-flixster/Pods-flixster.release.xcconfig"; sourceTree = "<group>"; };
		C260CDDC5C589E0788E1F965 /* Pods-flixster-flixsterUITests.debug.xcconfig */ = {isa = PBXFileReference; includeInIndex = 1; lastKnownFileType = text.xcconfig; name = "Pods-flixster-flixsterUITests.debug.xcconfig"; path = "Target Support Files/Pods-flixster-flixsterUITests/Pods-flixster-flixsterUITests.debug.xcconfig"; sourceTree = "<group>"; };
		C39D2FD6A80ACF50E9F17F96 /* Pods_flixster_flixsterUITests.framework */ = {isa = PBXFileReference; explicitFileType = wrapper.framework; includeInIndex = 0; path = Pods_flixster_flixsterUITests.framework; sourceTree = BUILT_PRODUCTS_DIR; };
		CDA8F3A6235EA8D800A7DD97 /* MovieGridCell.swift */ = {isa = PBXFileReference; lastKnownFileType = sourcecode.swift; path = MovieGridCell.swift; sourceTree = "<group>"; };
		CDA8F3A8235EA97400A7DD97 /* MovieGridViewController.swift */ = {isa = PBXFileReference; lastKnownFileType = sourcecode.swift; path = MovieGridViewController.swift; sourceTree = "<group>"; };
		CDD44BE5235B9B7300CFD201 /* MovieDetailsViewController.swift */ = {isa = PBXFileReference; lastKnownFileType = sourcecode.swift; path = MovieDetailsViewController.swift; sourceTree = "<group>"; };
		CDE8711A23598F3900B9C431 /* flixster.app */ = {isa = PBXFileReference; explicitFileType = wrapper.application; includeInIndex = 0; path = flixster.app; sourceTree = BUILT_PRODUCTS_DIR; };
		CDE8711D23598F3900B9C431 /* AppDelegate.swift */ = {isa = PBXFileReference; lastKnownFileType = sourcecode.swift; path = AppDelegate.swift; sourceTree = "<group>"; };
		CDE8711F23598F3900B9C431 /* SceneDelegate.swift */ = {isa = PBXFileReference; lastKnownFileType = sourcecode.swift; path = SceneDelegate.swift; sourceTree = "<group>"; };
		CDE8712423598F3900B9C431 /* Base */ = {isa = PBXFileReference; lastKnownFileType = file.storyboard; name = Base; path = Base.lproj/Main.storyboard; sourceTree = "<group>"; };
		CDE8712623598F3A00B9C431 /* Assets.xcassets */ = {isa = PBXFileReference; lastKnownFileType = folder.assetcatalog; path = Assets.xcassets; sourceTree = "<group>"; };
		CDE8712923598F3A00B9C431 /* Base */ = {isa = PBXFileReference; lastKnownFileType = file.storyboard; name = Base; path = Base.lproj/LaunchScreen.storyboard; sourceTree = "<group>"; };
		CDE8712B23598F3A00B9C431 /* Info.plist */ = {isa = PBXFileReference; lastKnownFileType = text.plist.xml; path = Info.plist; sourceTree = "<group>"; };
		CDE8713023598F3A00B9C431 /* flixsterTests.xctest */ = {isa = PBXFileReference; explicitFileType = wrapper.cfbundle; includeInIndex = 0; path = flixsterTests.xctest; sourceTree = BUILT_PRODUCTS_DIR; };
		CDE8713423598F3A00B9C431 /* flixsterTests.swift */ = {isa = PBXFileReference; lastKnownFileType = sourcecode.swift; path = flixsterTests.swift; sourceTree = "<group>"; };
		CDE8713623598F3A00B9C431 /* Info.plist */ = {isa = PBXFileReference; lastKnownFileType = text.plist.xml; path = Info.plist; sourceTree = "<group>"; };
		CDE8713B23598F3A00B9C431 /* flixsterUITests.xctest */ = {isa = PBXFileReference; explicitFileType = wrapper.cfbundle; includeInIndex = 0; path = flixsterUITests.xctest; sourceTree = BUILT_PRODUCTS_DIR; };
		CDE8713F23598F3A00B9C431 /* flixsterUITests.swift */ = {isa = PBXFileReference; lastKnownFileType = sourcecode.swift; path = flixsterUITests.swift; sourceTree = "<group>"; };
		CDE8714123598F3A00B9C431 /* Info.plist */ = {isa = PBXFileReference; lastKnownFileType = text.plist.xml; path = Info.plist; sourceTree = "<group>"; };
		CDE871532359919C00B9C431 /* MoviesViewController.swift */ = {isa = PBXFileReference; lastKnownFileType = sourcecode.swift; path = MoviesViewController.swift; sourceTree = "<group>"; };
		CDE87155235995BD00B9C431 /* MovieCell.swift */ = {isa = PBXFileReference; lastKnownFileType = sourcecode.swift; path = MovieCell.swift; sourceTree = "<group>"; };
		CEBE402B0D08BAF535A095D0 /* Pods-flixster-flixsterUITests.release.xcconfig */ = {isa = PBXFileReference; includeInIndex = 1; lastKnownFileType = text.xcconfig; name = "Pods-flixster-flixsterUITests.release.xcconfig"; path = "Target Support Files/Pods-flixster-flixsterUITests/Pods-flixster-flixsterUITests.release.xcconfig"; sourceTree = "<group>"; };
		FBE4AE97E7879132A23FB836 /* Pods-flixsterTests.debug.xcconfig */ = {isa = PBXFileReference; includeInIndex = 1; lastKnownFileType = text.xcconfig; name = "Pods-flixsterTests.debug.xcconfig"; path = "Target Support Files/Pods-flixsterTests/Pods-flixsterTests.debug.xcconfig"; sourceTree = "<group>"; };
/* End PBXFileReference section */

/* Begin PBXFrameworksBuildPhase section */
		CDE8711723598F3900B9C431 /* Frameworks */ = {
			isa = PBXFrameworksBuildPhase;
			buildActionMask = 2147483647;
			files = (
				2199F99F8AA52FF65D261906 /* Pods_flixster.framework in Frameworks */,
			);
			runOnlyForDeploymentPostprocessing = 0;
		};
		CDE8712D23598F3A00B9C431 /* Frameworks */ = {
			isa = PBXFrameworksBuildPhase;
			buildActionMask = 2147483647;
			files = (
				D2931CE158A9D98178EC4E86 /* Pods_flixsterTests.framework in Frameworks */,
			);
			runOnlyForDeploymentPostprocessing = 0;
		};
		CDE8713823598F3A00B9C431 /* Frameworks */ = {
			isa = PBXFrameworksBuildPhase;
			buildActionMask = 2147483647;
			files = (
				8AE6ED6AC874A2DA9F65E46D /* Pods_flixster_flixsterUITests.framework in Frameworks */,
			);
			runOnlyForDeploymentPostprocessing = 0;
		};
/* End PBXFrameworksBuildPhase section */

/* Begin PBXGroup section */
		66BE9E76780A0C406760B121 /* Pods */ = {
			isa = PBXGroup;
			children = (
				306418BE4719565A17B52A90 /* Pods-flixster.debug.xcconfig */,
				911F7065C44E0C9957B529EF /* Pods-flixster.release.xcconfig */,
				C260CDDC5C589E0788E1F965 /* Pods-flixster-flixsterUITests.debug.xcconfig */,
				CEBE402B0D08BAF535A095D0 /* Pods-flixster-flixsterUITests.release.xcconfig */,
				FBE4AE97E7879132A23FB836 /* Pods-flixsterTests.debug.xcconfig */,
				7B9BB1CF7300A91C634437A0 /* Pods-flixsterTests.release.xcconfig */,
			);
			path = Pods;
			sourceTree = "<group>";
		};
		BA3FF43A3A41E4E7027703DF /* Frameworks */ = {
			isa = PBXGroup;
			children = (
				44AAD0C0F086572E6879AD33 /* Pods_flixster.framework */,
				C39D2FD6A80ACF50E9F17F96 /* Pods_flixster_flixsterUITests.framework */,
				8ADE87A67D4A4DC0DC0DB847 /* Pods_flixsterTests.framework */,
			);
			name = Frameworks;
			sourceTree = "<group>";
		};
		CDE8711123598F3900B9C431 = {
			isa = PBXGroup;
			children = (
				CDE8711C23598F3900B9C431 /* flixster */,
				CDE8713323598F3A00B9C431 /* flixsterTests */,
				CDE8713E23598F3A00B9C431 /* flixsterUITests */,
				CDE8711B23598F3900B9C431 /* Products */,
				66BE9E76780A0C406760B121 /* Pods */,
				BA3FF43A3A41E4E7027703DF /* Frameworks */,
			);
			sourceTree = "<group>";
		};
		CDE8711B23598F3900B9C431 /* Products */ = {
			isa = PBXGroup;
			children = (
				CDE8711A23598F3900B9C431 /* flixster.app */,
				CDE8713023598F3A00B9C431 /* flixsterTests.xctest */,
				CDE8713B23598F3A00B9C431 /* flixsterUITests.xctest */,
			);
			name = Products;
			sourceTree = "<group>";
		};
		CDE8711C23598F3900B9C431 /* flixster */ = {
			isa = PBXGroup;
			children = (
				CDE8711D23598F3900B9C431 /* AppDelegate.swift */,
				CDE8711F23598F3900B9C431 /* SceneDelegate.swift */,
				CDE8712323598F3900B9C431 /* Main.storyboard */,
				CDE8712623598F3A00B9C431 /* Assets.xcassets */,
				CDE871532359919C00B9C431 /* MoviesViewController.swift */,
				CDE87155235995BD00B9C431 /* MovieCell.swift */,
				CDD44BE5235B9B7300CFD201 /* MovieDetailsViewController.swift */,
				CDA8F3A8235EA97400A7DD97 /* MovieGridViewController.swift */,
				CDE8712823598F3A00B9C431 /* LaunchScreen.storyboard */,
				CDE8712B23598F3A00B9C431 /* Info.plist */,
				CDA8F3A6235EA8D800A7DD97 /* MovieGridCell.swift */,
			);
			path = flixster;
			sourceTree = "<group>";
		};
		CDE8713323598F3A00B9C431 /* flixsterTests */ = {
			isa = PBXGroup;
			children = (
				CDE8713423598F3A00B9C431 /* flixsterTests.swift */,
				CDE8713623598F3A00B9C431 /* Info.plist */,
			);
			path = flixsterTests;
			sourceTree = "<group>";
		};
		CDE8713E23598F3A00B9C431 /* flixsterUITests */ = {
			isa = PBXGroup;
			children = (
				CDE8713F23598F3A00B9C431 /* flixsterUITests.swift */,
				CDE8714123598F3A00B9C431 /* Info.plist */,
			);
			path = flixsterUITests;
			sourceTree = "<group>";
		};
/* End PBXGroup section */

/* Begin PBXNativeTarget section */
		CDE8711923598F3900B9C431 /* flixster */ = {
			isa = PBXNativeTarget;
			buildConfigurationList = CDE8714423598F3A00B9C431 /* Build configuration list for PBXNativeTarget "flixster" */;
			buildPhases = (
				C4766393F038777A70A89F16 /* [CP] Check Pods Manifest.lock */,
				CDE8711623598F3900B9C431 /* Sources */,
				CDE8711723598F3900B9C431 /* Frameworks */,
				CDE8711823598F3900B9C431 /* Resources */,
				51840163F8003DAED8F0651E /* [CP] Embed Pods Frameworks */,
			);
			buildRules = (
			);
			dependencies = (
			);
			name = flixster;
			productName = flixster;
			productReference = CDE8711A23598F3900B9C431 /* flixster.app */;
			productType = "com.apple.product-type.application";
		};
		CDE8712F23598F3A00B9C431 /* flixsterTests */ = {
			isa = PBXNativeTarget;
			buildConfigurationList = CDE8714723598F3A00B9C431 /* Build configuration list for PBXNativeTarget "flixsterTests" */;
			buildPhases = (
				3D85DC5F8F9E18A540B3AF9C /* [CP] Check Pods Manifest.lock */,
				CDE8712C23598F3A00B9C431 /* Sources */,
				CDE8712D23598F3A00B9C431 /* Frameworks */,
				CDE8712E23598F3A00B9C431 /* Resources */,
			);
			buildRules = (
			);
			dependencies = (
				CDE8713223598F3A00B9C431 /* PBXTargetDependency */,
			);
			name = flixsterTests;
			productName = flixsterTests;
			productReference = CDE8713023598F3A00B9C431 /* flixsterTests.xctest */;
			productType = "com.apple.product-type.bundle.unit-test";
		};
		CDE8713A23598F3A00B9C431 /* flixsterUITests */ = {
			isa = PBXNativeTarget;
			buildConfigurationList = CDE8714A23598F3A00B9C431 /* Build configuration list for PBXNativeTarget "flixsterUITests" */;
			buildPhases = (
				FEB83AC7300C3BCFDF6BF22C /* [CP] Check Pods Manifest.lock */,
				CDE8713723598F3A00B9C431 /* Sources */,
				CDE8713823598F3A00B9C431 /* Frameworks */,
				CDE8713923598F3A00B9C431 /* Resources */,
				DA77AC5022755440F210F5C6 /* [CP] Embed Pods Frameworks */,
			);
			buildRules = (
			);
			dependencies = (
				CDE8713D23598F3A00B9C431 /* PBXTargetDependency */,
			);
			name = flixsterUITests;
			productName = flixsterUITests;
			productReference = CDE8713B23598F3A00B9C431 /* flixsterUITests.xctest */;
			productType = "com.apple.product-type.bundle.ui-testing";
		};
/* End PBXNativeTarget section */

/* Begin PBXProject section */
		CDE8711223598F3900B9C431 /* Project object */ = {
			isa = PBXProject;
			attributes = {
				LastSwiftUpdateCheck = 1110;
				LastUpgradeCheck = 1110;
				ORGANIZATIONNAME = jiale98chinoguay;
				TargetAttributes = {
					CDE8711923598F3900B9C431 = {
						CreatedOnToolsVersion = 11.1;
					};
					CDE8712F23598F3A00B9C431 = {
						CreatedOnToolsVersion = 11.1;
						TestTargetID = CDE8711923598F3900B9C431;
					};
					CDE8713A23598F3A00B9C431 = {
						CreatedOnToolsVersion = 11.1;
						TestTargetID = CDE8711923598F3900B9C431;
					};
				};
			};
			buildConfigurationList = CDE8711523598F3900B9C431 /* Build configuration list for PBXProject "flixster" */;
			compatibilityVersion = "Xcode 9.3";
			developmentRegion = en;
			hasScannedForEncodings = 0;
			knownRegions = (
				en,
				Base,
			);
			mainGroup = CDE8711123598F3900B9C431;
			productRefGroup = CDE8711B23598F3900B9C431 /* Products */;
			projectDirPath = "";
			projectRoot = "";
			targets = (
				CDE8711923598F3900B9C431 /* flixster */,
				CDE8712F23598F3A00B9C431 /* flixsterTests */,
				CDE8713A23598F3A00B9C431 /* flixsterUITests */,
			);
		};
/* End PBXProject section */

/* Begin PBXResourcesBuildPhase section */
		CDE8711823598F3900B9C431 /* Resources */ = {
			isa = PBXResourcesBuildPhase;
			buildActionMask = 2147483647;
			files = (
				CDE8712A23598F3A00B9C431 /* LaunchScreen.storyboard in Resources */,
				CDE8712723598F3A00B9C431 /* Assets.xcassets in Resources */,
				CDE8712523598F3900B9C431 /* Main.storyboard in Resources */,
			);
			runOnlyForDeploymentPostprocessing = 0;
		};
		CDE8712E23598F3A00B9C431 /* Resources */ = {
			isa = PBXResourcesBuildPhase;
			buildActionMask = 2147483647;
			files = (
			);
			runOnlyForDeploymentPostprocessing = 0;
		};
		CDE8713923598F3A00B9C431 /* Resources */ = {
			isa = PBXResourcesBuildPhase;
			buildActionMask = 2147483647;
			files = (
			);
			runOnlyForDeploymentPostprocessing = 0;
		};
/* End PBXResourcesBuildPhase section */

/* Begin PBXShellScriptBuildPhase section */
		3D85DC5F8F9E18A540B3AF9C /* [CP] Check Pods Manifest.lock */ = {
			isa = PBXShellScriptBuildPhase;
			buildActionMask = 2147483647;
			files = (
			);
			inputFileListPaths = (
			);
			inputPaths = (
				"${PODS_PODFILE_DIR_PATH}/Podfile.lock",
				"${PODS_ROOT}/Manifest.lock",
			);
			name = "[CP] Check Pods Manifest.lock";
			outputFileListPaths = (
			);
			outputPaths = (
				"$(DERIVED_FILE_DIR)/Pods-flixsterTests-checkManifestLockResult.txt",
			);
			runOnlyForDeploymentPostprocessing = 0;
			shellPath = /bin/sh;
			shellScript = "diff \"${PODS_PODFILE_DIR_PATH}/Podfile.lock\" \"${PODS_ROOT}/Manifest.lock\" > /dev/null\nif [ $? != 0 ] ; then\n    # print error to STDERR\n    echo \"error: The sandbox is not in sync with the Podfile.lock. Run 'pod install' or update your CocoaPods installation.\" >&2\n    exit 1\nfi\n# This output is used by Xcode 'outputs' to avoid re-running this script phase.\necho \"SUCCESS\" > \"${SCRIPT_OUTPUT_FILE_0}\"\n";
			showEnvVarsInLog = 0;
		};
		51840163F8003DAED8F0651E /* [CP] Embed Pods Frameworks */ = {
			isa = PBXShellScriptBuildPhase;
			buildActionMask = 2147483647;
			files = (
			);
			inputFileListPaths = (
				"${PODS_ROOT}/Target Support Files/Pods-flixster/Pods-flixster-frameworks-${CONFIGURATION}-input-files.xcfilelist",
			);
			name = "[CP] Embed Pods Frameworks";
			outputFileListPaths = (
				"${PODS_ROOT}/Target Support Files/Pods-flixster/Pods-flixster-frameworks-${CONFIGURATION}-output-files.xcfilelist",
			);
			runOnlyForDeploymentPostprocessing = 0;
			shellPath = /bin/sh;
			shellScript = "\"${PODS_ROOT}/Target Support Files/Pods-flixster/Pods-flixster-frameworks.sh\"\n";
			showEnvVarsInLog = 0;
		};
		C4766393F038777A70A89F16 /* [CP] Check Pods Manifest.lock */ = {
			isa = PBXShellScriptBuildPhase;
			buildActionMask = 2147483647;
			files = (
			);
			inputFileListPaths = (
			);
			inputPaths = (
				"${PODS_PODFILE_DIR_PATH}/Podfile.lock",
				"${PODS_ROOT}/Manifest.lock",
			);
			name = "[CP] Check Pods Manifest.lock";
			outputFileListPaths = (
			);
			outputPaths = (
				"$(DERIVED_FILE_DIR)/Pods-flixster-checkManifestLockResult.txt",
			);
			runOnlyForDeploymentPostprocessing = 0;
			shellPath = /bin/sh;
			shellScript = "diff \"${PODS_PODFILE_DIR_PATH}/Podfile.lock\" \"${PODS_ROOT}/Manifest.lock\" > /dev/null\nif [ $? != 0 ] ; then\n    # print error to STDERR\n    echo \"error: The sandbox is not in sync with the Podfile.lock. Run 'pod install' or update your CocoaPods installation.\" >&2\n    exit 1\nfi\n# This output is used by Xcode 'outputs' to avoid re-running this script phase.\necho \"SUCCESS\" > \"${SCRIPT_OUTPUT_FILE_0}\"\n";
			showEnvVarsInLog = 0;
		};
		DA77AC5022755440F210F5C6 /* [CP] Embed Pods Frameworks */ = {
			isa = PBXShellScriptBuildPhase;
			buildActionMask = 2147483647;
			files = (
			);
			inputFileListPaths = (
				"${PODS_ROOT}/Target Support Files/Pods-flixster-flixsterUITests/Pods-flixster-flixsterUITests-frameworks-${CONFIGURATION}-input-files.xcfilelist",
			);
			name = "[CP] Embed Pods Frameworks";
			outputFileListPaths = (
				"${PODS_ROOT}/Target Support Files/Pods-flixster-flixsterUITests/Pods-flixster-flixsterUITests-frameworks-${CONFIGURATION}-output-files.xcfilelist",
			);
			runOnlyForDeploymentPostprocessing = 0;
			shellPath = /bin/sh;
			shellScript = "\"${PODS_ROOT}/Target Support Files/Pods-flixster-flixsterUITests/Pods-flixster-flixsterUITests-frameworks.sh\"\n";
			showEnvVarsInLog = 0;
		};
		FEB83AC7300C3BCFDF6BF22C /* [CP] Check Pods Manifest.lock */ = {
			isa = PBXShellScriptBuildPhase;
			buildActionMask = 2147483647;
			files = (
			);
			inputFileListPaths = (
			);
			inputPaths = (
				"${PODS_PODFILE_DIR_PATH}/Podfile.lock",
				"${PODS_ROOT}/Manifest.lock",
			);
			name = "[CP] Check Pods Manifest.lock";
			outputFileListPaths = (
			);
			outputPaths = (
				"$(DERIVED_FILE_DIR)/Pods-flixster-flixsterUITests-checkManifestLockResult.txt",
			);
			runOnlyForDeploymentPostprocessing = 0;
			shellPath = /bin/sh;
			shellScript = "diff \"${PODS_PODFILE_DIR_PATH}/Podfile.lock\" \"${PODS_ROOT}/Manifest.lock\" > /dev/null\nif [ $? != 0 ] ; then\n    # print error to STDERR\n    echo \"error: The sandbox is not in sync with the Podfile.lock. Run 'pod install' or update your CocoaPods installation.\" >&2\n    exit 1\nfi\n# This output is used by Xcode 'outputs' to avoid re-running this script phase.\necho \"SUCCESS\" > \"${SCRIPT_OUTPUT_FILE_0}\"\n";
			showEnvVarsInLog = 0;
		};
/* End PBXShellScriptBuildPhase section */

/* Begin PBXSourcesBuildPhase section */
		CDE8711623598F3900B9C431 /* Sources */ = {
			isa = PBXSourcesBuildPhase;
			buildActionMask = 2147483647;
			files = (
				CDD44BE6235B9B7300CFD201 /* MovieDetailsViewController.swift in Sources */,
				CDE8711E23598F3900B9C431 /* AppDelegate.swift in Sources */,
				CDE8712023598F3900B9C431 /* SceneDelegate.swift in Sources */,
				CDA8F3A9235EA97400A7DD97 /* MovieGridViewController.swift in Sources */,
				CDE87156235995BD00B9C431 /* MovieCell.swift in Sources */,
				CDA8F3A7235EA8D800A7DD97 /* MovieGridCell.swift in Sources */,
				CDE871542359919C00B9C431 /* MoviesViewController.swift in Sources */,
			);
			runOnlyForDeploymentPostprocessing = 0;
		};
		CDE8712C23598F3A00B9C431 /* Sources */ = {
			isa = PBXSourcesBuildPhase;
			buildActionMask = 2147483647;
			files = (
				CDE8713523598F3A00B9C431 /* flixsterTests.swift in Sources */,
			);
			runOnlyForDeploymentPostprocessing = 0;
		};
		CDE8713723598F3A00B9C431 /* Sources */ = {
			isa = PBXSourcesBuildPhase;
			buildActionMask = 2147483647;
			files = (
				CDE8714023598F3A00B9C431 /* flixsterUITests.swift in Sources */,
			);
			runOnlyForDeploymentPostprocessing = 0;
		};
/* End PBXSourcesBuildPhase section */

/* Begin PBXTargetDependency section */
		CDE8713223598F3A00B9C431 /* PBXTargetDependency */ = {
			isa = PBXTargetDependency;
			target = CDE8711923598F3900B9C431 /* flixster */;
			targetProxy = CDE8713123598F3A00B9C431 /* PBXContainerItemProxy */;
		};
		CDE8713D23598F3A00B9C431 /* PBXTargetDependency */ = {
			isa = PBXTargetDependency;
			target = CDE8711923598F3900B9C431 /* flixster */;
			targetProxy = CDE8713C23598F3A00B9C431 /* PBXContainerItemProxy */;
		};
/* End PBXTargetDependency section */

/* Begin PBXVariantGroup section */
		CDE8712323598F3900B9C431 /* Main.storyboard */ = {
			isa = PBXVariantGroup;
			children = (
				CDE8712423598F3900B9C431 /* Base */,
			);
			name = Main.storyboard;
			sourceTree = "<group>";
		};
		CDE8712823598F3A00B9C431 /* LaunchScreen.storyboard */ = {
			isa = PBXVariantGroup;
			children = (
				CDE8712923598F3A00B9C431 /* Base */,
			);
			name = LaunchScreen.storyboard;
			sourceTree = "<group>";
		};
/* End PBXVariantGroup section */

/* Begin XCBuildConfiguration section */
		CDE8714223598F3A00B9C431 /* Debug */ = {
			isa = XCBuildConfiguration;
			buildSettings = {
				ALWAYS_SEARCH_USER_PATHS = NO;
				CLANG_ANALYZER_NONNULL = YES;
				CLANG_ANALYZER_NUMBER_OBJECT_CONVERSION = YES_AGGRESSIVE;
				CLANG_CXX_LANGUAGE_STANDARD = "gnu++14";
				CLANG_CXX_LIBRARY = "libc++";
				CLANG_ENABLE_MODULES = YES;
				CLANG_ENABLE_OBJC_ARC = YES;
				CLANG_ENABLE_OBJC_WEAK = YES;
				CLANG_WARN_BLOCK_CAPTURE_AUTORELEASING = YES;
				CLANG_WARN_BOOL_CONVERSION = YES;
				CLANG_WARN_COMMA = YES;
				CLANG_WARN_CONSTANT_CONVERSION = YES;
				CLANG_WARN_DEPRECATED_OBJC_IMPLEMENTATIONS = YES;
				CLANG_WARN_DIRECT_OBJC_ISA_USAGE = YES_ERROR;
				CLANG_WARN_DOCUMENTATION_COMMENTS = YES;
				CLANG_WARN_EMPTY_BODY = YES;
				CLANG_WARN_ENUM_CONVERSION = YES;
				CLANG_WARN_INFINITE_RECURSION = YES;
				CLANG_WARN_INT_CONVERSION = YES;
				CLANG_WARN_NON_LITERAL_NULL_CONVERSION = YES;
				CLANG_WARN_OBJC_IMPLICIT_RETAIN_SELF = YES;
				CLANG_WARN_OBJC_LITERAL_CONVERSION = YES;
				CLANG_WARN_OBJC_ROOT_CLASS = YES_ERROR;
				CLANG_WARN_RANGE_LOOP_ANALYSIS = YES;
				CLANG_WARN_STRICT_PROTOTYPES = YES;
				CLANG_WARN_SUSPICIOUS_MOVE = YES;
				CLANG_WARN_UNGUARDED_AVAILABILITY = YES_AGGRESSIVE;
				CLANG_WARN_UNREACHABLE_CODE = YES;
				CLANG_WARN__DUPLICATE_METHOD_MATCH = YES;
				COPY_PHASE_STRIP = NO;
				DEBUG_INFORMATION_FORMAT = dwarf;
				ENABLE_STRICT_OBJC_MSGSEND = YES;
				ENABLE_TESTABILITY = YES;
				GCC_C_LANGUAGE_STANDARD = gnu11;
				GCC_DYNAMIC_NO_PIC = NO;
				GCC_NO_COMMON_BLOCKS = YES;
				GCC_OPTIMIZATION_LEVEL = 0;
				GCC_PREPROCESSOR_DEFINITIONS = (
					"DEBUG=1",
					"$(inherited)",
				);
				GCC_WARN_64_TO_32_BIT_CONVERSION = YES;
				GCC_WARN_ABOUT_RETURN_TYPE = YES_ERROR;
				GCC_WARN_UNDECLARED_SELECTOR = YES;
				GCC_WARN_UNINITIALIZED_AUTOS = YES_AGGRESSIVE;
				GCC_WARN_UNUSED_FUNCTION = YES;
				GCC_WARN_UNUSED_VARIABLE = YES;
				IPHONEOS_DEPLOYMENT_TARGET = 13.1;
				MTL_ENABLE_DEBUG_INFO = INCLUDE_SOURCE;
				MTL_FAST_MATH = YES;
				ONLY_ACTIVE_ARCH = YES;
				SDKROOT = iphoneos;
				SWIFT_ACTIVE_COMPILATION_CONDITIONS = DEBUG;
				SWIFT_OPTIMIZATION_LEVEL = "-Onone";
			};
			name = Debug;
		};
		CDE8714323598F3A00B9C431 /* Release */ = {
			isa = XCBuildConfiguration;
			buildSettings = {
				ALWAYS_SEARCH_USER_PATHS = NO;
				CLANG_ANALYZER_NONNULL = YES;
				CLANG_ANALYZER_NUMBER_OBJECT_CONVERSION = YES_AGGRESSIVE;
				CLANG_CXX_LANGUAGE_STANDARD = "gnu++14";
				CLANG_CXX_LIBRARY = "libc++";
				CLANG_ENABLE_MODULES = YES;
				CLANG_ENABLE_OBJC_ARC = YES;
				CLANG_ENABLE_OBJC_WEAK = YES;
				CLANG_WARN_BLOCK_CAPTURE_AUTORELEASING = YES;
				CLANG_WARN_BOOL_CONVERSION = YES;
				CLANG_WARN_COMMA = YES;
				CLANG_WARN_CONSTANT_CONVERSION = YES;
				CLANG_WARN_DEPRECATED_OBJC_IMPLEMENTATIONS = YES;
				CLANG_WARN_DIRECT_OBJC_ISA_USAGE = YES_ERROR;
				CLANG_WARN_DOCUMENTATION_COMMENTS = YES;
				CLANG_WARN_EMPTY_BODY = YES;
				CLANG_WARN_ENUM_CONVERSION = YES;
				CLANG_WARN_INFINITE_RECURSION = YES;
				CLANG_WARN_INT_CONVERSION = YES;
				CLANG_WARN_NON_LITERAL_NULL_CONVERSION = YES;
				CLANG_WARN_OBJC_IMPLICIT_RETAIN_SELF = YES;
				CLANG_WARN_OBJC_LITERAL_CONVERSION = YES;
				CLANG_WARN_OBJC_ROOT_CLASS = YES_ERROR;
				CLANG_WARN_RANGE_LOOP_ANALYSIS = YES;
				CLANG_WARN_STRICT_PROTOTYPES = YES;
				CLANG_WARN_SUSPICIOUS_MOVE = YES;
				CLANG_WARN_UNGUARDED_AVAILABILITY = YES_AGGRESSIVE;
				CLANG_WARN_UNREACHABLE_CODE = YES;
				CLANG_WARN__DUPLICATE_METHOD_MATCH = YES;
				COPY_PHASE_STRIP = NO;
				DEBUG_INFORMATION_FORMAT = "dwarf-with-dsym";
				ENABLE_NS_ASSERTIONS = NO;
				ENABLE_STRICT_OBJC_MSGSEND = YES;
				GCC_C_LANGUAGE_STANDARD = gnu11;
				GCC_NO_COMMON_BLOCKS = YES;
				GCC_WARN_64_TO_32_BIT_CONVERSION = YES;
				GCC_WARN_ABOUT_RETURN_TYPE = YES_ERROR;
				GCC_WARN_UNDECLARED_SELECTOR = YES;
				GCC_WARN_UNINITIALIZED_AUTOS = YES_AGGRESSIVE;
				GCC_WARN_UNUSED_FUNCTION = YES;
				GCC_WARN_UNUSED_VARIABLE = YES;
				IPHONEOS_DEPLOYMENT_TARGET = 13.1;
				MTL_ENABLE_DEBUG_INFO = NO;
				MTL_FAST_MATH = YES;
				SDKROOT = iphoneos;
				SWIFT_COMPILATION_MODE = wholemodule;
				SWIFT_OPTIMIZATION_LEVEL = "-O";
				VALIDATE_PRODUCT = YES;
			};
			name = Release;
		};
		CDE8714523598F3A00B9C431 /* Debug */ = {
			isa = XCBuildConfiguration;
			baseConfigurationReference = 306418BE4719565A17B52A90 /* Pods-flixster.debug.xcconfig */;
			buildSettings = {
				ASSETCATALOG_COMPILER_APPICON_NAME = AppIcon;
				CODE_SIGN_STYLE = Automatic;
				INFOPLIST_FILE = flixster/Info.plist;
				LD_RUNPATH_SEARCH_PATHS = (
					"$(inherited)",
					"@executable_path/Frameworks",
				);
				PRODUCT_BUNDLE_IDENTIFIER = com.jiale98chinoguay.flixster.flixster;
				PRODUCT_NAME = "$(TARGET_NAME)";
				SWIFT_VERSION = 5.0;
				TARGETED_DEVICE_FAMILY = "1,2";
			};
			name = Debug;
		};
		CDE8714623598F3A00B9C431 /* Release */ = {
			isa = XCBuildConfiguration;
			baseConfigurationReference = 911F7065C44E0C9957B529EF /* Pods-flixster.release.xcconfig */;
			buildSettings = {
				ASSETCATALOG_COMPILER_APPICON_NAME = AppIcon;
				CODE_SIGN_STYLE = Automatic;
				INFOPLIST_FILE = flixster/Info.plist;
				LD_RUNPATH_SEARCH_PATHS = (
					"$(inherited)",
					"@executable_path/Frameworks",
				);
				PRODUCT_BUNDLE_IDENTIFIER = com.jiale98chinoguay.flixster.flixster;
				PRODUCT_NAME = "$(TARGET_NAME)";
				SWIFT_VERSION = 5.0;
				TARGETED_DEVICE_FAMILY = "1,2";
			};
			name = Release;
		};
		CDE8714823598F3A00B9C431 /* Debug */ = {
			isa = XCBuildConfiguration;
			baseConfigurationReference = FBE4AE97E7879132A23FB836 /* Pods-flixsterTests.debug.xcconfig */;
			buildSettings = {
				ALWAYS_EMBED_SWIFT_STANDARD_LIBRARIES = YES;
				BUNDLE_LOADER = "$(TEST_HOST)";
				CODE_SIGN_STYLE = Automatic;
				INFOPLIST_FILE = flixsterTests/Info.plist;
				IPHONEOS_DEPLOYMENT_TARGET = 13.1;
				LD_RUNPATH_SEARCH_PATHS = (
					"$(inherited)",
					"@executable_path/Frameworks",
					"@loader_path/Frameworks",
				);
				PRODUCT_BUNDLE_IDENTIFIER = com.jiale98chinoguay.flixster.flixsterTests;
				PRODUCT_NAME = "$(TARGET_NAME)";
				SWIFT_VERSION = 5.0;
				TARGETED_DEVICE_FAMILY = "1,2";
				TEST_HOST = "$(BUILT_PRODUCTS_DIR)/flixster.app/flixster";
			};
			name = Debug;
		};
		CDE8714923598F3A00B9C431 /* Release */ = {
			isa = XCBuildConfiguration;
			baseConfigurationReference = 7B9BB1CF7300A91C634437A0 /* Pods-flixsterTests.release.xcconfig */;
			buildSettings = {
				ALWAYS_EMBED_SWIFT_STANDARD_LIBRARIES = YES;
				BUNDLE_LOADER = "$(TEST_HOST)";
				CODE_SIGN_STYLE = Automatic;
				INFOPLIST_FILE = flixsterTests/Info.plist;
				IPHONEOS_DEPLOYMENT_TARGET = 13.1;
				LD_RUNPATH_SEARCH_PATHS = (
					"$(inherited)",
					"@executable_path/Frameworks",
					"@loader_path/Frameworks",
				);
				PRODUCT_BUNDLE_IDENTIFIER = com.jiale98chinoguay.flixster.flixsterTests;
				PRODUCT_NAME = "$(TARGET_NAME)";
				SWIFT_VERSION = 5.0;
				TARGETED_DEVICE_FAMILY = "1,2";
				TEST_HOST = "$(BUILT_PRODUCTS_DIR)/flixster.app/flixster";
			};
			name = Release;
		};
		CDE8714B23598F3A00B9C431 /* Debug */ = {
			isa = XCBuildConfiguration;
			baseConfigurationReference = C260CDDC5C589E0788E1F965 /* Pods-flixster-flixsterUITests.debug.xcconfig */;
			buildSettings = {
				ALWAYS_EMBED_SWIFT_STANDARD_LIBRARIES = YES;
				CODE_SIGN_STYLE = Automatic;
				INFOPLIST_FILE = flixsterUITests/Info.plist;
				LD_RUNPATH_SEARCH_PATHS = (
					"$(inherited)",
					"@executable_path/Frameworks",
					"@loader_path/Frameworks",
				);
				PRODUCT_BUNDLE_IDENTIFIER = com.jiale98chinoguay.flixster.flixsterUITests;
				PRODUCT_NAME = "$(TARGET_NAME)";
				SWIFT_VERSION = 5.0;
				TARGETED_DEVICE_FAMILY = "1,2";
				TEST_TARGET_NAME = flixster;
			};
			name = Debug;
		};
		CDE8714C23598F3A00B9C431 /* Release */ = {
			isa = XCBuildConfiguration;
			baseConfigurationReference = CEBE402B0D08BAF535A095D0 /* Pods-flixster-flixsterUITests.release.xcconfig */;
			buildSettings = {
				ALWAYS_EMBED_SWIFT_STANDARD_LIBRARIES = YES;
				CODE_SIGN_STYLE = Automatic;
				INFOPLIST_FILE = flixsterUITests/Info.plist;
				LD_RUNPATH_SEARCH_PATHS = (
					"$(inherited)",
					"@executable_path/Frameworks",
					"@loader_path/Frameworks",
				);
				PRODUCT_BUNDLE_IDENTIFIER = com.jiale98chinoguay.flixster.flixsterUITests;
				PRODUCT_NAME = "$(TARGET_NAME)";
				SWIFT_VERSION = 5.0;
				TARGETED_DEVICE_FAMILY = "1,2";
				TEST_TARGET_NAME = flixster;
			};
			name = Release;
		};
/* End XCBuildConfiguration section */

/* Begin XCConfigurationList section */
		CDE8711523598F3900B9C431 /* Build configuration list for PBXProject "flixster" */ = {
			isa = XCConfigurationList;
			buildConfigurations = (
				CDE8714223598F3A00B9C431 /* Debug */,
				CDE8714323598F3A00B9C431 /* Release */,
			);
			defaultConfigurationIsVisible = 0;
			defaultConfigurationName = Release;
		};
		CDE8714423598F3A00B9C431 /* Build configuration list for PBXNativeTarget "flixster" */ = {
			isa = XCConfigurationList;
			buildConfigurations = (
				CDE8714523598F3A00B9C431 /* Debug */,
				CDE8714623598F3A00B9C431 /* Release */,
			);
			defaultConfigurationIsVisible = 0;
			defaultConfigurationName = Release;
		};
		CDE8714723598F3A00B9C431 /* Build configuration list for PBXNativeTarget "flixsterTests" */ = {
			isa = XCConfigurationList;
			buildConfigurations = (
				CDE8714823598F3A00B9C431 /* Debug */,
				CDE8714923598F3A00B9C431 /* Release */,
			);
			defaultConfigurationIsVisible = 0;
			defaultConfigurationName = Release;
		};
		CDE8714A23598F3A00B9C431 /* Build configuration list for PBXNativeTarget "flixsterUITests" */ = {
			isa = XCConfigurationList;
			buildConfigurations = (
				CDE8714B23598F3A00B9C431 /* Debug */,
				CDE8714C23598F3A00B9C431 /* Release */,
			);
			defaultConfigurationIsVisible = 0;
			defaultConfigurationName = Release;
		};
/* End XCConfigurationList section */
	};
	rootObject = CDE8711223598F3900B9C431 /* Project object */;
}
