// !$*UTF8*$!
{
	archiveVersion = 1;
	classes = {
	};
	objectVersion = 50;
	objects = {

/* Begin PBXBuildFile section */
		CDE8711E23598F3900B9C431 /* AppDelegate.swift in Sources */ = {isa = PBXBuildFile; fileRef = CDE8711D23598F3900B9C431 /* AppDelegate.swift */; };
		CDE8712023598F3900B9C431 /* SceneDelegate.swift in Sources */ = {isa = PBXBuildFile; fileRef = CDE8711F23598F3900B9C431 /* SceneDelegate.swift */; };
		CDE8712223598F3900B9C431 /* ViewController.swift in Sources */ = {isa = PBXBuildFile; fileRef = CDE8712123598F3900B9C431 /* ViewController.swift */; };
		CDE8712523598F3900B9C431 /* Main.storyboard in Resources */ = {isa = PBXBuildFile; fileRef = CDE8712323598F3900B9C431 /* Main.storyboard */; };
		CDE8712723598F3A00B9C431 /* Assets.xcassets in Resources */ = {isa = PBXBuildFile; fileRef = CDE8712623598F3A00B9C431 /* Assets.xcassets */; };
		CDE8712A23598F3A00B9C431 /* LaunchScreen.storyboard in Resources */ = {isa = PBXBuildFile; fileRef = CDE8712823598F3A00B9C431 /* LaunchScreen.storyboard */; };
		CDE8713523598F3A00B9C431 /* flixsterTests.swift in Sources */ = {isa = PBXBuildFile; fileRef = CDE8713423598F3A00B9C431 /* flixsterTests.swift */; };
		CDE8714023598F3A00B9C431 /* flixsterUITests.swift in Sources */ = {isa = PBXBuildFile; fileRef = CDE8713F23598F3A00B9C431 /* flixsterUITests.swift */; };
/* End PBXBuildFile section */

/* Begin PBXContainerItemProxy section */
		CDE8713123598F3A00B9C431 /* PBXContainerItemProxy */ = {
			isa = PBXContainerItemProxy;
			containerPortal = CDE8711223598F3900B9C431 /* Project object */;
			proxyType = 1;
			remoteGlobalIDString = CDE8711923598F3900B9C431;
			remoteInfo = flixster;
		};
		CDE8713C23598F3A00B9C431 /* PBXContainerItemProxy */ = {
			isa = PBXContainerItemProxy;
			containerPortal = CDE8711223598F3900B9C431 /* Project object */;
			proxyType = 1;
			remoteGlobalIDString = CDE8711923598F3900B9C431;
			remoteInfo = flixster;
		};
/* End PBXContainerItemProxy section */

/* Begin PBXFileReference section */
		CDE8711A23598F3900B9C431 /* flixster.app */ = {isa = PBXFileReference; explicitFileType = wrapper.application; includeInIndex = 0; path = flixster.app; sourceTree = BUILT_PRODUCTS_DIR; };
		CDE8711D23598F3900B9C431 /* AppDelegate.swift */ = {isa = PBXFileReference; lastKnownFileType = sourcecode.swift; path = AppDelegate.swift; sourceTree = "<group>"; };
		CDE8711F23598F3900B9C431 /* SceneDelegate.swift */ = {isa = PBXFileReference; lastKnownFileType = sourcecode.swift; path = SceneDelegate.swift; sourceTree = "<group>"; };
		CDE8712123598F3900B9C431 /* ViewController.swift */ = {isa = PBXFileReference; lastKnownFileType = sourcecode.swift; path = ViewController.swift; sourceTree = "<group>"; };
		CDE8712423598F3900B9C431 /* Base */ = {isa = PBXFileReference; lastKnownFileType = file.storyboard; name = Base; path = Base.lproj/Main.storyboard; sourceTree = "<group>"; };
		CDE8712623598F3A00B9C431 /* Assets.xcassets */ = {isa = PBXFileReference; lastKnownFileType = folder.assetcatalog; path = Assets.xcassets; sourceTree = "<group>"; };
		CDE8712923598F3A00B9C431 /* Base */ = {isa = PBXFileReference; lastKnownFileType = file.storyboard; name = Base; path = Base.lproj/LaunchScreen.storyboard; sourceTree = "<group>"; };
		CDE8712B23598F3A00B9C431 /* Info.plist */ = {isa = PBXFileReference; lastKnownFileType = text.plist.xml; path = Info.plist; sourceTree = "<group>"; };
		CDE8713023598F3A00B9C431 /* flixsterTests.xctest */ = {isa = PBXFileReference; explicitFileType = wrapper.cfbundle; includeInIndex = 0; path = flixsterTests.xctest; sourceTree = BUILT_PRODUCTS_DIR; };
		CDE8713423598F3A00B9C431 /* flixsterTests.swift */ = {isa = PBXFileReference; lastKnownFileType = sourcecode.swift; path = flixsterTests.swift; sourceTree = "<group>"; };
		CDE8713623598F3A00B9C431 /* Info.plist */ = {isa = PBXFileReference; lastKnownFileType = text.plist.xml; path = Info.plist; sourceTree = "<group>"; };
		CDE8713B23598F3A00B9C431 /* flixsterUITests.xctest */ = {isa = PBXFileReference; explicitFileType = wrapper.cfbundle; includeInIndex = 0; path = flixsterUITests.xctest; sourceTree = BUILT_PRODUCTS_DIR; };
		CDE8713F23598F3A00B9C431 /* flixsterUITests.swift */ = {isa = PBXFileReference; lastKnownFileType = sourcecode.swift; path = flixsterUITests.swift; sourceTree = "<group>"; };
		CDE8714123598F3A00B9C431 /* Info.plist */ = {isa = PBXFileReference; lastKnownFileType = text.plist.xml; path = Info.plist; sourceTree = "<group>"; };
/* End PBXFileReference section */

/* Begin PBXFrameworksBuildPhase section */
		CDE8711723598F3900B9C431 /* Frameworks */ = {
			isa = PBXFrameworksBuildPhase;
			buildActionMask = 2147483647;
			files = (
			);
			runOnlyForDeploymentPostprocessing = 0;
		};
		CDE8712D23598F3A00B9C431 /* Frameworks */ = {
			isa = PBXFrameworksBuildPhase;
			buildActionMask = 2147483647;
			files = (
			);
			runOnlyForDeploymentPostprocessing = 0;
		};
		CDE8713823598F3A00B9C431 /* Frameworks */ = {
			isa = PBXFrameworksBuildPhase;
			buildActionMask = 2147483647;
			files = (
			);
			runOnlyForDeploymentPostprocessing = 0;
		};
/* End PBXFrameworksBuildPhase section */

/* Begin PBXGroup section */
		CDE8711123598F3900B9C431 = {
			isa = PBXGroup;
			children = (
				CDE8711C23598F3900B9C431 /* flixster */,
				CDE8713323598F3A00B9C431 /* flixsterTests */,
				CDE8713E23598F3A00B9C431 /* flixsterUITests */,
				CDE8711B23598F3900B9C431 /* Products */,
			);
			sourceTree = "<group>";
		};
		CDE8711B23598F3900B9C431 /* Products */ = {
			isa = PBXGroup;
			children = (
				CDE8711A23598F3900B9C431 /* flixster.app */,
				CDE8713023598F3A00B9C431 /* flixsterTests.xctest */,
				CDE8713B23598F3A00B9C431 /* flixsterUITests.xctest */,
			);
			name = Products;
			sourceTree = "<group>";
		};
		CDE8711C23598F3900B9C431 /* flixster */ = {
			isa = PBXGroup;
			children = (
				CDE8711D23598F3900B9C431 /* AppDelegate.swift */,
				CDE8711F23598F3900B9C431 /* SceneDelegate.swift */,
				CDE8712123598F3900B9C431 /* ViewController.swift */,
				CDE8712323598F3900B9C431 /* Main.storyboard */,
				CDE8712623598F3A00B9C431 /* Assets.xcassets */,
				CDE8712823598F3A00B9C431 /* LaunchScreen.storyboard */,
				CDE8712B23598F3A00B9C431 /* Info.plist */,
			);
			path = flixster;
			sourceTree = "<group>";
		};
		CDE8713323598F3A00B9C431 /* flixsterTests */ = {
			isa = PBXGroup;
			children = (
				CDE8713423598F3A00B9C431 /* flixsterTests.swift */,
				CDE8713623598F3A00B9C431 /* Info.plist */,
			);
			path = flixsterTests;
			sourceTree = "<group>";
		};
		CDE8713E23598F3A00B9C431 /* flixsterUITests */ = {
			isa = PBXGroup;
			children = (
				CDE8713F23598F3A00B9C431 /* flixsterUITests.swift */,
				CDE8714123598F3A00B9C431 /* Info.plist */,
			);
			path = flixsterUITests;
			sourceTree = "<group>";
		};
/* End PBXGroup section */

/* Begin PBXNativeTarget section */
		CDE8711923598F3900B9C431 /* flixster */ = {
			isa = PBXNativeTarget;
			buildConfigurationList = CDE8714423598F3A00B9C431 /* Build configuration list for PBXNativeTarget "flixster" */;
			buildPhases = (
				CDE8711623598F3900B9C431 /* Sources */,
				CDE8711723598F3900B9C431 /* Frameworks */,
				CDE8711823598F3900B9C431 /* Resources */,
			);
			buildRules = (
			);
			dependencies = (
			);
			name = flixster;
			productName = flixster;
			productReference = CDE8711A23598F3900B9C431 /* flixster.app */;
			productType = "com.apple.product-type.application";
		};
		CDE8712F23598F3A00B9C431 /* flixsterTests */ = {
			isa = PBXNativeTarget;
			buildConfigurationList = CDE8714723598F3A00B9C431 /* Build configuration list for PBXNativeTarget "flixsterTests" */;
			buildPhases = (
				CDE8712C23598F3A00B9C431 /* Sources */,
				CDE8712D23598F3A00B9C431 /* Frameworks */,
				CDE8712E23598F3A00B9C431 /* Resources */,
			);
			buildRules = (
			);
			dependencies = (
				CDE8713223598F3A00B9C431 /* PBXTargetDependency */,
			);
			name = flixsterTests;
			productName = flixsterTests;
			productReference = CDE8713023598F3A00B9C431 /* flixsterTests.xctest */;
			productType = "com.apple.product-type.bundle.unit-test";
		};
		CDE8713A23598F3A00B9C431 /* flixsterUITests */ = {
			isa = PBXNativeTarget;
			buildConfigurationList = CDE8714A23598F3A00B9C431 /* Build configuration list for PBXNativeTarget "flixsterUITests" */;
			buildPhases = (
				CDE8713723598F3A00B9C431 /* Sources */,
				CDE8713823598F3A00B9C431 /* Frameworks */,
				CDE8713923598F3A00B9C431 /* Resources */,
			);
			buildRules = (
			);
			dependencies = (
				CDE8713D23598F3A00B9C431 /* PBXTargetDependency */,
			);
			name = flixsterUITests;
			productName = flixsterUITests;
			productReference = CDE8713B23598F3A00B9C431 /* flixsterUITests.xctest */;
			productType = "com.apple.product-type.bundle.ui-testing";
		};
/* End PBXNativeTarget section */

/* Begin PBXProject section */
		CDE8711223598F3900B9C431 /* Project object */ = {
			isa = PBXProject;
			attributes = {
				LastSwiftUpdateCheck = 1110;
				LastUpgradeCheck = 1110;
				ORGANIZATIONNAME = jiale98chinoguay;
				TargetAttributes = {
					CDE8711923598F3900B9C431 = {
						CreatedOnToolsVersion = 11.1;
					};
					CDE8712F23598F3A00B9C431 = {
						CreatedOnToolsVersion = 11.1;
						TestTargetID = CDE8711923598F3900B9C431;
					};
					CDE8713A23598F3A00B9C431 = {
						CreatedOnToolsVersion = 11.1;
						TestTargetID = CDE8711923598F3900B9C431;
					};
				};
			};
			buildConfigurationList = CDE8711523598F3900B9C431 /* Build configuration list for PBXProject "flixster" */;
			compatibilityVersion = "Xcode 9.3";
			developmentRegion = en;
			hasScannedForEncodings = 0;
			knownRegions = (
				en,
				Base,
			);
			mainGroup = CDE8711123598F3900B9C431;
			productRefGroup = CDE8711B23598F3900B9C431 /* Products */;
			projectDirPath = "";
			projectRoot = "";
			targets = (
				CDE8711923598F3900B9C431 /* flixster */,
				CDE8712F23598F3A00B9C431 /* flixsterTests */,
				CDE8713A23598F3A00B9C431 /* flixsterUITests */,
			);
		};
/* End PBXProject section */

/* Begin PBXResourcesBuildPhase section */
		CDE8711823598F3900B9C431 /* Resources */ = {
			isa = PBXResourcesBuildPhase;
			buildActionMask = 2147483647;
			files = (
				CDE8712A23598F3A00B9C431 /* LaunchScreen.storyboard in Resources */,
				CDE8712723598F3A00B9C431 /* Assets.xcassets in Resources */,
				CDE8712523598F3900B9C431 /* Main.storyboard in Resources */,
			);
			runOnlyForDeploymentPostprocessing = 0;
		};
		CDE8712E23598F3A00B9C431 /* Resources */ = {
			isa = PBXResourcesBuildPhase;
			buildActionMask = 2147483647;
			files = (
			);
			runOnlyForDeploymentPostprocessing = 0;
		};
		CDE8713923598F3A00B9C431 /* Resources */ = {
			isa = PBXResourcesBuildPhase;
			buildActionMask = 2147483647;
			files = (
			);
			runOnlyForDeploymentPostprocessing = 0;
		};
/* End PBXResourcesBuildPhase section */

/* Begin PBXSourcesBuildPhase section */
		CDE8711623598F3900B9C431 /* Sources */ = {
			isa = PBXSourcesBuildPhase;
			buildActionMask = 2147483647;
			files = (
				CDE8712223598F3900B9C431 /* ViewController.swift in Sources */,
				CDE8711E23598F3900B9C431 /* AppDelegate.swift in Sources */,
				CDE8712023598F3900B9C431 /* SceneDelegate.swift in Sources */,
			);
			runOnlyForDeploymentPostprocessing = 0;
		};
		CDE8712C23598F3A00B9C431 /* Sources */ = {
			isa = PBXSourcesBuildPhase;
			buildActionMask = 2147483647;
			files = (
				CDE8713523598F3A00B9C431 /* flixsterTests.swift in Sources */,
			);
			runOnlyForDeploymentPostprocessing = 0;
		};
		CDE8713723598F3A00B9C431 /* Sources */ = {
			isa = PBXSourcesBuildPhase;
			buildActionMask = 2147483647;
			files = (
				CDE8714023598F3A00B9C431 /* flixsterUITests.swift in Sources */,
			);
			runOnlyForDeploymentPostprocessing = 0;
		};
/* End PBXSourcesBuildPhase section */

/* Begin PBXTargetDependency section */
		CDE8713223598F3A00B9C431 /* PBXTargetDependency */ = {
			isa = PBXTargetDependency;
			target = CDE8711923598F3900B9C431 /* flixster */;
			targetProxy = CDE8713123598F3A00B9C431 /* PBXContainerItemProxy */;
		};
		CDE8713D23598F3A00B9C431 /* PBXTargetDependency */ = {
			isa = PBXTargetDependency;
			target = CDE8711923598F3900B9C431 /* flixster */;
			targetProxy = CDE8713C23598F3A00B9C431 /* PBXContainerItemProxy */;
		};
/* End PBXTargetDependency section */

/* Begin PBXVariantGroup section */
		CDE8712323598F3900B9C431 /* Main.storyboard */ = {
			isa = PBXVariantGroup;
			children = (
				CDE8712423598F3900B9C431 /* Base */,
			);
			name = Main.storyboard;
			sourceTree = "<group>";
		};
		CDE8712823598F3A00B9C431 /* LaunchScreen.storyboard */ = {
			isa = PBXVariantGroup;
			children = (
				CDE8712923598F3A00B9C431 /* Base */,
			);
			name = LaunchScreen.storyboard;
			sourceTree = "<group>";
		};
/* End PBXVariantGroup section */

/* Begin XCBuildConfiguration section */
		CDE8714223598F3A00B9C431 /* Debug */ = {
			isa = XCBuildConfiguration;
			buildSettings = {
				ALWAYS_SEARCH_USER_PATHS = NO;
				CLANG_ANALYZER_NONNULL = YES;
				CLANG_ANALYZER_NUMBER_OBJECT_CONVERSION = YES_AGGRESSIVE;
				CLANG_CXX_LANGUAGE_STANDARD = "gnu++14";
				CLANG_CXX_LIBRARY = "libc++";
				CLANG_ENABLE_MODULES = YES;
				CLANG_ENABLE_OBJC_ARC = YES;
				CLANG_ENABLE_OBJC_WEAK = YES;
				CLANG_WARN_BLOCK_CAPTURE_AUTORELEASING = YES;
				CLANG_WARN_BOOL_CONVERSION = YES;
				CLANG_WARN_COMMA = YES;
				CLANG_WARN_CONSTANT_CONVERSION = YES;
				CLANG_WARN_DEPRECATED_OBJC_IMPLEMENTATIONS = YES;
				CLANG_WARN_DIRECT_OBJC_ISA_USAGE = YES_ERROR;
				CLANG_WARN_DOCUMENTATION_COMMENTS = YES;
				CLANG_WARN_EMPTY_BODY = YES;
				CLANG_WARN_ENUM_CONVERSION = YES;
				CLANG_WARN_INFINITE_RECURSION = YES;
				CLANG_WARN_INT_CONVERSION = YES;
				CLANG_WARN_NON_LITERAL_NULL_CONVERSION = YES;
				CLANG_WARN_OBJC_IMPLICIT_RETAIN_SELF = YES;
				CLANG_WARN_OBJC_LITERAL_CONVERSION = YES;
				CLANG_WARN_OBJC_ROOT_CLASS = YES_ERROR;
				CLANG_WARN_RANGE_LOOP_ANALYSIS = YES;
				CLANG_WARN_STRICT_PROTOTYPES = YES;
				CLANG_WARN_SUSPICIOUS_MOVE = YES;
				CLANG_WARN_UNGUARDED_AVAILABILITY = YES_AGGRESSIVE;
				CLANG_WARN_UNREACHABLE_CODE = YES;
				CLANG_WARN__DUPLICATE_METHOD_MATCH = YES;
				COPY_PHASE_STRIP = NO;
				DEBUG_INFORMATION_FORMAT = dwarf;
				ENABLE_STRICT_OBJC_MSGSEND = YES;
				ENABLE_TESTABILITY = YES;
				GCC_C_LANGUAGE_STANDARD = gnu11;
				GCC_DYNAMIC_NO_PIC = NO;
				GCC_NO_COMMON_BLOCKS = YES;
				GCC_OPTIMIZATION_LEVEL = 0;
				GCC_PREPROCESSOR_DEFINITIONS = (
					"DEBUG=1",
					"$(inherited)",
				);
				GCC_WARN_64_TO_32_BIT_CONVERSION = YES;
				GCC_WARN_ABOUT_RETURN_TYPE = YES_ERROR;
				GCC_WARN_UNDECLARED_SELECTOR = YES;
				GCC_WARN_UNINITIALIZED_AUTOS = YES_AGGRESSIVE;
				GCC_WARN_UNUSED_FUNCTION = YES;
				GCC_WARN_UNUSED_VARIABLE = YES;
				IPHONEOS_DEPLOYMENT_TARGET = 13.1;
				MTL_ENABLE_DEBUG_INFO = INCLUDE_SOURCE;
				MTL_FAST_MATH = YES;
				ONLY_ACTIVE_ARCH = YES;
				SDKROOT = iphoneos;
				SWIFT_ACTIVE_COMPILATION_CONDITIONS = DEBUG;
				SWIFT_OPTIMIZATION_LEVEL = "-Onone";
			};
			name = Debug;
		};
		CDE8714323598F3A00B9C431 /* Release */ = {
			isa = XCBuildConfiguration;
			buildSettings = {
				ALWAYS_SEARCH_USER_PATHS = NO;
				CLANG_ANALYZER_NONNULL = YES;
				CLANG_ANALYZER_NUMBER_OBJECT_CONVERSION = YES_AGGRESSIVE;
				CLANG_CXX_LANGUAGE_STANDARD = "gnu++14";
				CLANG_CXX_LIBRARY = "libc++";
				CLANG_ENABLE_MODULES = YES;
				CLANG_ENABLE_OBJC_ARC = YES;
				CLANG_ENABLE_OBJC_WEAK = YES;
				CLANG_WARN_BLOCK_CAPTURE_AUTORELEASING = YES;
				CLANG_WARN_BOOL_CONVERSION = YES;
				CLANG_WARN_COMMA = YES;
				CLANG_WARN_CONSTANT_CONVERSION = YES;
				CLANG_WARN_DEPRECATED_OBJC_IMPLEMENTATIONS = YES;
				CLANG_WARN_DIRECT_OBJC_ISA_USAGE = YES_ERROR;
				CLANG_WARN_DOCUMENTATION_COMMENTS = YES;
				CLANG_WARN_EMPTY_BODY = YES;
				CLANG_WARN_ENUM_CONVERSION = YES;
				CLANG_WARN_INFINITE_RECURSION = YES;
				CLANG_WARN_INT_CONVERSION = YES;
				CLANG_WARN_NON_LITERAL_NULL_CONVERSION = YES;
				CLANG_WARN_OBJC_IMPLICIT_RETAIN_SELF = YES;
				CLANG_WARN_OBJC_LITERAL_CONVERSION = YES;
				CLANG_WARN_OBJC_ROOT_CLASS = YES_ERROR;
				CLANG_WARN_RANGE_LOOP_ANALYSIS = YES;
				CLANG_WARN_STRICT_PROTOTYPES = YES;
				CLANG_WARN_SUSPICIOUS_MOVE = YES;
				CLANG_WARN_UNGUARDED_AVAILABILITY = YES_AGGRESSIVE;
				CLANG_WARN_UNREACHABLE_CODE = YES;
				CLANG_WARN__DUPLICATE_METHOD_MATCH = YES;
				COPY_PHASE_STRIP = NO;
				DEBUG_INFORMATION_FORMAT = "dwarf-with-dsym";
				ENABLE_NS_ASSERTIONS = NO;
				ENABLE_STRICT_OBJC_MSGSEND = YES;
				GCC_C_LANGUAGE_STANDARD = gnu11;
				GCC_NO_COMMON_BLOCKS = YES;
				GCC_WARN_64_TO_32_BIT_CONVERSION = YES;
				GCC_WARN_ABOUT_RETURN_TYPE = YES_ERROR;
				GCC_WARN_UNDECLARED_SELECTOR = YES;
				GCC_WARN_UNINITIALIZED_AUTOS = YES_AGGRESSIVE;
				GCC_WARN_UNUSED_FUNCTION = YES;
				GCC_WARN_UNUSED_VARIABLE = YES;
				IPHONEOS_DEPLOYMENT_TARGET = 13.1;
				MTL_ENABLE_DEBUG_INFO = NO;
				MTL_FAST_MATH = YES;
				SDKROOT = iphoneos;
				SWIFT_COMPILATION_MODE = wholemodule;
				SWIFT_OPTIMIZATION_LEVEL = "-O";
				VALIDATE_PRODUCT = YES;
			};
			name = Release;
		};
		CDE8714523598F3A00B9C431 /* Debug */ = {
			isa = XCBuildConfiguration;
			buildSettings = {
				ASSETCATALOG_COMPILER_APPICON_NAME = AppIcon;
				CODE_SIGN_STYLE = Automatic;
				INFOPLIST_FILE = flixster/Info.plist;
				LD_RUNPATH_SEARCH_PATHS = (
					"$(inherited)",
					"@executable_path/Frameworks",
				);
				PRODUCT_BUNDLE_IDENTIFIER = com.jiale98chinoguay.flixster.flixster;
				PRODUCT_NAME = "$(TARGET_NAME)";
				SWIFT_VERSION = 5.0;
				TARGETED_DEVICE_FAMILY = "1,2";
			};
			name = Debug;
		};
		CDE8714623598F3A00B9C431 /* Release */ = {
			isa = XCBuildConfiguration;
			buildSettings = {
				ASSETCATALOG_COMPILER_APPICON_NAME = AppIcon;
				CODE_SIGN_STYLE = Automatic;
				INFOPLIST_FILE = flixster/Info.plist;
				LD_RUNPATH_SEARCH_PATHS = (
					"$(inherited)",
					"@executable_path/Frameworks",
				);
				PRODUCT_BUNDLE_IDENTIFIER = com.jiale98chinoguay.flixster.flixster;
				PRODUCT_NAME = "$(TARGET_NAME)";
				SWIFT_VERSION = 5.0;
				TARGETED_DEVICE_FAMILY = "1,2";
			};
			name = Release;
		};
		CDE8714823598F3A00B9C431 /* Debug */ = {
			isa = XCBuildConfiguration;
			buildSettings = {
				ALWAYS_EMBED_SWIFT_STANDARD_LIBRARIES = YES;
				BUNDLE_LOADER = "$(TEST_HOST)";
				CODE_SIGN_STYLE = Automatic;
				INFOPLIST_FILE = flixsterTests/Info.plist;
				IPHONEOS_DEPLOYMENT_TARGET = 13.1;
				LD_RUNPATH_SEARCH_PATHS = (
					"$(inherited)",
					"@executable_path/Frameworks",
					"@loader_path/Frameworks",
				);
				PRODUCT_BUNDLE_IDENTIFIER = com.jiale98chinoguay.flixster.flixsterTests;
				PRODUCT_NAME = "$(TARGET_NAME)";
				SWIFT_VERSION = 5.0;
				TARGETED_DEVICE_FAMILY = "1,2";
				TEST_HOST = "$(BUILT_PRODUCTS_DIR)/flixster.app/flixster";
			};
			name = Debug;
		};
		CDE8714923598F3A00B9C431 /* Release */ = {
			isa = XCBuildConfiguration;
			buildSettings = {
				ALWAYS_EMBED_SWIFT_STANDARD_LIBRARIES = YES;
				BUNDLE_LOADER = "$(TEST_HOST)";
				CODE_SIGN_STYLE = Automatic;
				INFOPLIST_FILE = flixsterTests/Info.plist;
				IPHONEOS_DEPLOYMENT_TARGET = 13.1;
				LD_RUNPATH_SEARCH_PATHS = (
					"$(inherited)",
					"@executable_path/Frameworks",
					"@loader_path/Frameworks",
				);
				PRODUCT_BUNDLE_IDENTIFIER = com.jiale98chinoguay.flixster.flixsterTests;
				PRODUCT_NAME = "$(TARGET_NAME)";
				SWIFT_VERSION = 5.0;
				TARGETED_DEVICE_FAMILY = "1,2";
				TEST_HOST = "$(BUILT_PRODUCTS_DIR)/flixster.app/flixster";
			};
			name = Release;
		};
		CDE8714B23598F3A00B9C431 /* Debug */ = {
			isa = XCBuildConfiguration;
			buildSettings = {
				ALWAYS_EMBED_SWIFT_STANDARD_LIBRARIES = YES;
				CODE_SIGN_STYLE = Automatic;
				INFOPLIST_FILE = flixsterUITests/Info.plist;
				LD_RUNPATH_SEARCH_PATHS = (
					"$(inherited)",
					"@executable_path/Frameworks",
					"@loader_path/Frameworks",
				);
				PRODUCT_BUNDLE_IDENTIFIER = com.jiale98chinoguay.flixster.flixsterUITests;
				PRODUCT_NAME = "$(TARGET_NAME)";
				SWIFT_VERSION = 5.0;
				TARGETED_DEVICE_FAMILY = "1,2";
				TEST_TARGET_NAME = flixster;
			};
			name = Debug;
		};
		CDE8714C23598F3A00B9C431 /* Release */ = {
			isa = XCBuildConfiguration;
			buildSettings = {
				ALWAYS_EMBED_SWIFT_STANDARD_LIBRARIES = YES;
				CODE_SIGN_STYLE = Automatic;
				INFOPLIST_FILE = flixsterUITests/Info.plist;
				LD_RUNPATH_SEARCH_PATHS = (
					"$(inherited)",
					"@executable_path/Frameworks",
					"@loader_path/Frameworks",
				);
				PRODUCT_BUNDLE_IDENTIFIER = com.jiale98chinoguay.flixster.flixsterUITests;
				PRODUCT_NAME = "$(TARGET_NAME)";
				SWIFT_VERSION = 5.0;
				TARGETED_DEVICE_FAMILY = "1,2";
				TEST_TARGET_NAME = flixster;
			};
			name = Release;
		};
/* End XCBuildConfiguration section */

/* Begin XCConfigurationList section */
		CDE8711523598F3900B9C431 /* Build configuration list for PBXProject "flixster" */ = {
			isa = XCConfigurationList;
			buildConfigurations = (
				CDE8714223598F3A00B9C431 /* Debug */,
				CDE8714323598F3A00B9C431 /* Release */,
			);
			defaultConfigurationIsVisible = 0;
			defaultConfigurationName = Release;
		};
		CDE8714423598F3A00B9C431 /* Build configuration list for PBXNativeTarget "flixster" */ = {
			isa = XCConfigurationList;
			buildConfigurations = (
				CDE8714523598F3A00B9C431 /* Debug */,
				CDE8714623598F3A00B9C431 /* Release */,
			);
			defaultConfigurationIsVisible = 0;
			defaultConfigurationName = Release;
		};
		CDE8714723598F3A00B9C431 /* Build configuration list for PBXNativeTarget "flixsterTests" */ = {
			isa = XCConfigurationList;
			buildConfigurations = (
				CDE8714823598F3A00B9C431 /* Debug */,
				CDE8714923598F3A00B9C431 /* Release */,
			);
			defaultConfigurationIsVisible = 0;
			defaultConfigurationName = Release;
		};
		CDE8714A23598F3A00B9C431 /* Build configuration list for PBXNativeTarget "flixsterUITests" */ = {
			isa = XCConfigurationList;
			buildConfigurations = (
				CDE8714B23598F3A00B9C431 /* Debug */,
				CDE8714C23598F3A00B9C431 /* Release */,
			);
			defaultConfigurationIsVisible = 0;
			defaultConfigurationName = Release;
		};
/* End XCConfigurationList section */
	};
	rootObject = CDE8711223598F3900B9C431 /* Project object */;
}
